
Microsoft Visual Studio Solution File, Format Version 12.00
# Visual Studio Version 17
VisualStudioVersion = 17.14.36212.18
MinimumVisualStudioVersion = 10.0.40219.1
Project("{FAE04EC0-301F-11D3-BF4B-00C04F79EFBC}") = "OPPsReview", "OPPsReview\OPPsReview.csproj", "{6F4F8E4B-1361-4F19-B8D8-D38A87665163}"
EndProject
Project("{FAE04EC0-301F-11D3-BF4B-00C04F79EFBC}") = "UnitTestingForSystem", "UnitTestingForSystem\UnitTestingForSystem.csproj", "{C0897C27-2577-8CC1-06AD-86CBEF93F163}"
EndProject
Global
	GlobalSection(SolutionConfigurationPlatforms) = preSolution
		Debug|Any CPU = Debug|Any CPU
		Release|Any CPU = Release|Any CPU
	EndGlobalSection
	GlobalSection(ProjectConfigurationPlatforms) = postSolution
		{6F4F8E4B-1361-4F19-B8D8-D38A87665163}.Debug|Any CPU.ActiveCfg = Debug|Any CPU
		{6F4F8E4B-1361-4F19-B8D8-D38A87665163}.Debug|Any CPU.Build.0 = Debug|Any CPU
		{6F4F8E4B-1361-4F19-B8D8-D38A87665163}.Release|Any CPU.ActiveCfg = Release|Any CPU
		{6F4F8E4B-1361-4F19-B8D8-D38A87665163}.Release|Any CPU.Build.0 = Release|Any CPU
		{C0897C27-2577-8CC1-06AD-86CBEF93F163}.Debug|Any CPU.ActiveCfg = Debug|Any CPU
		{C0897C27-2577-8CC1-06AD-86CBEF93F163}.Debug|Any CPU.Build.0 = Debug|Any CPU
		{C0897C27-2577-8CC1-06AD-86CBEF93F163}.Release|Any CPU.ActiveCfg = Release|Any CPU
		{C0897C27-2577-8CC1-06AD-86CBEF93F163}.Release|Any CPU.Build.0 = Release|Any CPU
	EndGlobalSection
	GlobalSection(SolutionProperties) = preSolution
		HideSolutionNode = FALSE
	EndGlobalSection
	GlobalSection(ExtensibilityGlobals) = postSolution
		SolutionGuid = {3DD4C334-EFC6-4715-A4BB-A0E17E316D01}
	EndGlobalSection
EndGlobal
